
Microsoft Visual Studio Solution File, Format Version 12.00
# Visual Studio 15
VisualStudioVersion = 15.0.28307.2092
MinimumVisualStudioVersion = 10.0.40219.1
Project("{FAE04EC0-301F-11D3-BF4B-00C04F79EFBC}") = "pb21", "pb21\pb21.csproj", "{27B6E7F4-3E65-4A0F-A255-60C8127C58C2}"
EndProject
Global
	GlobalSection(SolutionConfigurationPlatforms) = preSolution
		Debug|Any CPU = Debug|Any CPU
		Release|Any CPU = Release|Any CPU
	EndGlobalSection
	GlobalSection(ProjectConfigurationPlatforms) = postSolution
		{27B6E7F4-3E65-4A0F-A255-60C8127C58C2}.Debug|Any CPU.ActiveCfg = Debug|Any CPU
		{27B6E7F4-3E65-4A0F-A255-60C8127C58C2}.Debug|Any CPU.Build.0 = Debug|Any CPU
		{27B6E7F4-3E65-4A0F-A255-60C8127C58C2}.Release|Any CPU.ActiveCfg = Release|Any CPU
		{27B6E7F4-3E65-4A0F-A255-60C8127C58C2}.Release|Any CPU.Build.0 = Release|Any CPU
	EndGlobalSection
	GlobalSection(SolutionProperties) = preSolution
		HideSolutionNode = FALSE
	EndGlobalSection
	GlobalSection(ExtensibilityGlobals) = postSolution
		SolutionGuid = {ED292FA7-0AE9-4936-9B18-A8F85FAC2E6D}
	EndGlobalSection
EndGlobal
