
Microsoft Visual Studio Solution File, Format Version 12.00
# Visual Studio 15
VisualStudioVersion = 15.0.28307.2092
MinimumVisualStudioVersion = 10.0.40219.1
Project("{FAE04EC0-301F-11D3-BF4B-00C04F79EFBC}") = "pb10", "pb10\pb10.csproj", "{580F8532-C172-4E3A-A2BB-9C1951696959}"
EndProject
Global
	GlobalSection(SolutionConfigurationPlatforms) = preSolution
		Debug|Any CPU = Debug|Any CPU
		Release|Any CPU = Release|Any CPU
	EndGlobalSection
	GlobalSection(ProjectConfigurationPlatforms) = postSolution
		{580F8532-C172-4E3A-A2BB-9C1951696959}.Debug|Any CPU.ActiveCfg = Debug|Any CPU
		{580F8532-C172-4E3A-A2BB-9C1951696959}.Debug|Any CPU.Build.0 = Debug|Any CPU
		{580F8532-C172-4E3A-A2BB-9C1951696959}.Release|Any CPU.ActiveCfg = Release|Any CPU
		{580F8532-C172-4E3A-A2BB-9C1951696959}.Release|Any CPU.Build.0 = Release|Any CPU
	EndGlobalSection
	GlobalSection(SolutionProperties) = preSolution
		HideSolutionNode = FALSE
	EndGlobalSection
	GlobalSection(ExtensibilityGlobals) = postSolution
		SolutionGuid = {02194A6F-C8EB-4572-BF4F-EA5595590407}
	EndGlobalSection
EndGlobal
