
Microsoft Visual Studio Solution File, Format Version 12.00
# Visual Studio 15
VisualStudioVersion = 15.0.28307.2092
MinimumVisualStudioVersion = 10.0.40219.1
Project("{FAE04EC0-301F-11D3-BF4B-00C04F79EFBC}") = "pb17", "pb17\pb17.csproj", "{64A2D11C-6D6B-4DDA-B495-CE95C819CBB9}"
EndProject
Global
	GlobalSection(SolutionConfigurationPlatforms) = preSolution
		Debug|Any CPU = Debug|Any CPU
		Release|Any CPU = Release|Any CPU
	EndGlobalSection
	GlobalSection(ProjectConfigurationPlatforms) = postSolution
		{64A2D11C-6D6B-4DDA-B495-CE95C819CBB9}.Debug|Any CPU.ActiveCfg = Debug|Any CPU
		{64A2D11C-6D6B-4DDA-B495-CE95C819CBB9}.Debug|Any CPU.Build.0 = Debug|Any CPU
		{64A2D11C-6D6B-4DDA-B495-CE95C819CBB9}.Release|Any CPU.ActiveCfg = Release|Any CPU
		{64A2D11C-6D6B-4DDA-B495-CE95C819CBB9}.Release|Any CPU.Build.0 = Release|Any CPU
	EndGlobalSection
	GlobalSection(SolutionProperties) = preSolution
		HideSolutionNode = FALSE
	EndGlobalSection
	GlobalSection(ExtensibilityGlobals) = postSolution
		SolutionGuid = {E63A3138-E768-4E2A-A3C0-0786C43D859C}
	EndGlobalSection
EndGlobal
