
Microsoft Visual Studio Solution File, Format Version 12.00
# Visual Studio 15
VisualStudioVersion = 15.0.28307.2092
MinimumVisualStudioVersion = 10.0.40219.1
Project("{FAE04EC0-301F-11D3-BF4B-00C04F79EFBC}") = "pb16", "pn16\pb16.csproj", "{D6B6A608-BD90-4848-8CE4-3DF1E5DC752B}"
EndProject
Global
	GlobalSection(SolutionConfigurationPlatforms) = preSolution
		Debug|Any CPU = Debug|Any CPU
		Release|Any CPU = Release|Any CPU
	EndGlobalSection
	GlobalSection(ProjectConfigurationPlatforms) = postSolution
		{D6B6A608-BD90-4848-8CE4-3DF1E5DC752B}.Debug|Any CPU.ActiveCfg = Debug|Any CPU
		{D6B6A608-BD90-4848-8CE4-3DF1E5DC752B}.Debug|Any CPU.Build.0 = Debug|Any CPU
		{D6B6A608-BD90-4848-8CE4-3DF1E5DC752B}.Release|Any CPU.ActiveCfg = Release|Any CPU
		{D6B6A608-BD90-4848-8CE4-3DF1E5DC752B}.Release|Any CPU.Build.0 = Release|Any CPU
	EndGlobalSection
	GlobalSection(SolutionProperties) = preSolution
		HideSolutionNode = FALSE
	EndGlobalSection
	GlobalSection(ExtensibilityGlobals) = postSolution
		SolutionGuid = {0BA578F5-F8A7-4FD5-96CD-1DDB3B5A64C6}
	EndGlobalSection
EndGlobal
